
Microsoft Visual Studio Solution File, Format Version 12.00
# Visual Studio Version 17
VisualStudioVersion = 17.4.33205.214
MinimumVisualStudioVersion = 10.0.40219.1
Project("{FAE04EC0-301F-11D3-BF4B-00C04F79EFBC}") = "Login", "Login\Login.csproj", "{AC5E48F9-EF6D-479B-BCB7-5DD629C57E6C}"
EndProject
Global
	GlobalSection(SolutionConfigurationPlatforms) = preSolution
		Debug|Any CPU = Debug|Any CPU
		Release|Any CPU = Release|Any CPU
	EndGlobalSection
	GlobalSection(ProjectConfigurationPlatforms) = postSolution
		{AC5E48F9-EF6D-479B-BCB7-5DD629C57E6C}.Debug|Any CPU.ActiveCfg = Debug|Any CPU
		{AC5E48F9-EF6D-479B-BCB7-5DD629C57E6C}.Debug|Any CPU.Build.0 = Debug|Any CPU
		{AC5E48F9-EF6D-479B-BCB7-5DD629C57E6C}.Release|Any CPU.ActiveCfg = Release|Any CPU
		{AC5E48F9-EF6D-479B-BCB7-5DD629C57E6C}.Release|Any CPU.Build.0 = Release|Any CPU
	EndGlobalSection
	GlobalSection(SolutionProperties) = preSolution
		HideSolutionNode = FALSE
	EndGlobalSection
	GlobalSection(ExtensibilityGlobals) = postSolution
		SolutionGuid = {47810FE1-C884-4AE0-929A-EF0BFC1E8F6E}
	EndGlobalSection
EndGlobal
